// !$*UTF8*$!
{
	archiveVersion = 1;
	classes = {
	};
	objectVersion = 56;
	objects = {

/* Begin PBXBuildFile section */
		7118A9B22924C0CF004D92DD /* CodingTestApp.swift in Sources */ = {isa = PBXBuildFile; fileRef = 7118A9B12924C0CF004D92DD /* CodingTestApp.swift */; };
		7118A9B42924C0CF004D92DD /* ContentView.swift in Sources */ = {isa = PBXBuildFile; fileRef = 7118A9B32924C0CF004D92DD /* ContentView.swift */; };
		7118A9B62924C0D0004D92DD /* Assets.xcassets in Resources */ = {isa = PBXBuildFile; fileRef = 7118A9B52924C0D0004D92DD /* Assets.xcassets */; };
		7118A9B92924C0D0004D92DD /* Preview Assets.xcassets in Resources */ = {isa = PBXBuildFile; fileRef = 7118A9B82924C0D0004D92DD /* Preview Assets.xcassets */; };
		7118A9C32924C0D0004D92DD /* CodingTestTests.swift in Sources */ = {isa = PBXBuildFile; fileRef = 7118A9C22924C0D0004D92DD /* CodingTestTests.swift */; };
		7118A9CD2924C0D0004D92DD /* CodingTestUITests.swift in Sources */ = {isa = PBXBuildFile; fileRef = 7118A9CC2924C0D0004D92DD /* CodingTestUITests.swift */; };
		7118A9CF2924C0D0004D92DD /* CodingTestUITestsLaunchTests.swift in Sources */ = {isa = PBXBuildFile; fileRef = 7118A9CE2924C0D0004D92DD /* CodingTestUITestsLaunchTests.swift */; };
/* End PBXBuildFile section */

/* Begin PBXContainerItemProxy section */
		7118A9BF2924C0D0004D92DD /* PBXContainerItemProxy */ = {
			isa = PBXContainerItemProxy;
			containerPortal = 7118A9A62924C0CF004D92DD /* Project object */;
			proxyType = 1;
			remoteGlobalIDString = 7118A9AD2924C0CF004D92DD;
			remoteInfo = CodingTest;
		};
		7118A9C92924C0D0004D92DD /* PBXContainerItemProxy */ = {
			isa = PBXContainerItemProxy;
			containerPortal = 7118A9A62924C0CF004D92DD /* Project object */;
			proxyType = 1;
			remoteGlobalIDString = 7118A9AD2924C0CF004D92DD;
			remoteInfo = CodingTest;
		};
/* End PBXContainerItemProxy section */

/* Begin PBXFileReference section */
		7118A9AE2924C0CF004D92DD /* CodingTest.app */ = {isa = PBXFileReference; explicitFileType = wrapper.application; includeInIndex = 0; path = CodingTest.app; sourceTree = BUILT_PRODUCTS_DIR; };
		7118A9B12924C0CF004D92DD /* CodingTestApp.swift */ = {isa = PBXFileReference; lastKnownFileType = sourcecode.swift; path = CodingTestApp.swift; sourceTree = "<group>"; };
		7118A9B32924C0CF004D92DD /* ContentView.swift */ = {isa = PBXFileReference; lastKnownFileType = sourcecode.swift; path = ContentView.swift; sourceTree = "<group>"; };
		7118A9B52924C0D0004D92DD /* Assets.xcassets */ = {isa = PBXFileReference; lastKnownFileType = folder.assetcatalog; path = Assets.xcassets; sourceTree = "<group>"; };
		7118A9B82924C0D0004D92DD /* Preview Assets.xcassets */ = {isa = PBXFileReference; lastKnownFileType = folder.assetcatalog; path = "Preview Assets.xcassets"; sourceTree = "<group>"; };
		7118A9BE2924C0D0004D92DD /* CodingTestTests.xctest */ = {isa = PBXFileReference; explicitFileType = wrapper.cfbundle; includeInIndex = 0; path = CodingTestTests.xctest; sourceTree = BUILT_PRODUCTS_DIR; };
		7118A9C22924C0D0004D92DD /* CodingTestTests.swift */ = {isa = PBXFileReference; lastKnownFileType = sourcecode.swift; path = CodingTestTests.swift; sourceTree = "<group>"; };
		7118A9C82924C0D0004D92DD /* CodingTestUITests.xctest */ = {isa = PBXFileReference; explicitFileType = wrapper.cfbundle; includeInIndex = 0; path = CodingTestUITests.xctest; sourceTree = BUILT_PRODUCTS_DIR; };
		7118A9CC2924C0D0004D92DD /* CodingTestUITests.swift */ = {isa = PBXFileReference; lastKnownFileType = sourcecode.swift; path = CodingTestUITests.swift; sourceTree = "<group>"; };
		7118A9CE2924C0D0004D92DD /* CodingTestUITestsLaunchTests.swift */ = {isa = PBXFileReference; lastKnownFileType = sourcecode.swift; path = CodingTestUITestsLaunchTests.swift; sourceTree = "<group>"; };
/* End PBXFileReference section */

/* Begin PBXFrameworksBuildPhase section */
		7118A9AB2924C0CF004D92DD /* Frameworks */ = {
			isa = PBXFrameworksBuildPhase;
			buildActionMask = 2147483647;
			files = (
			);
			runOnlyForDeploymentPostprocessing = 0;
		};
		7118A9BB2924C0D0004D92DD /* Frameworks */ = {
			isa = PBXFrameworksBuildPhase;
			buildActionMask = 2147483647;
			files = (
			);
			runOnlyForDeploymentPostprocessing = 0;
		};
		7118A9C52924C0D0004D92DD /* Frameworks */ = {
			isa = PBXFrameworksBuildPhase;
			buildActionMask = 2147483647;
			files = (
			);
			runOnlyForDeploymentPostprocessing = 0;
		};
/* End PBXFrameworksBuildPhase section */

/* Begin PBXGroup section */
		7118A9A52924C0CF004D92DD = {
			isa = PBXGroup;
			children = (
				7118A9B02924C0CF004D92DD /* CodingTest */,
				7118A9C12924C0D0004D92DD /* CodingTestTests */,
				7118A9CB2924C0D0004D92DD /* CodingTestUITests */,
				7118A9AF2924C0CF004D92DD /* Products */,
			);
			sourceTree = "<group>";
		};
		7118A9AF2924C0CF004D92DD /* Products */ = {
			isa = PBXGroup;
			children = (
				7118A9AE2924C0CF004D92DD /* CodingTest.app */,
				7118A9BE2924C0D0004D92DD /* CodingTestTests.xctest */,
				7118A9C82924C0D0004D92DD /* CodingTestUITests.xctest */,
			);
			name = Products;
			sourceTree = "<group>";
		};
		7118A9B02924C0CF004D92DD /* CodingTest */ = {
			isa = PBXGroup;
			children = (
				7118A9B12924C0CF004D92DD /* CodingTestApp.swift */,
				7118A9B32924C0CF004D92DD /* ContentView.swift */,
				7118A9B52924C0D0004D92DD /* Assets.xcassets */,
				7118A9B72924C0D0004D92DD /* Preview Content */,
			);
			path = CodingTest;
			sourceTree = "<group>";
		};
		7118A9B72924C0D0004D92DD /* Preview Content */ = {
			isa = PBXGroup;
			children = (
				7118A9B82924C0D0004D92DD /* Preview Assets.xcassets */,
			);
			path = "Preview Content";
			sourceTree = "<group>";
		};
		7118A9C12924C0D0004D92DD /* CodingTestTests */ = {
			isa = PBXGroup;
			children = (
				7118A9C22924C0D0004D92DD /* CodingTestTests.swift */,
			);
			path = CodingTestTests;
			sourceTree = "<group>";
		};
		7118A9CB2924C0D0004D92DD /* CodingTestUITests */ = {
			isa = PBXGroup;
			children = (
				7118A9CC2924C0D0004D92DD /* CodingTestUITests.swift */,
				7118A9CE2924C0D0004D92DD /* CodingTestUITestsLaunchTests.swift */,
			);
			path = CodingTestUITests;
			sourceTree = "<group>";
		};
/* End PBXGroup section */

/* Begin PBXNativeTarget section */
		7118A9AD2924C0CF004D92DD /* CodingTest */ = {
			isa = PBXNativeTarget;
			buildConfigurationList = 7118A9D22924C0D0004D92DD /* Build configuration list for PBXNativeTarget "CodingTest" */;
			buildPhases = (
				7118A9AA2924C0CF004D92DD /* Sources */,
				7118A9AB2924C0CF004D92DD /* Frameworks */,
				7118A9AC2924C0CF004D92DD /* Resources */,
			);
			buildRules = (
			);
			dependencies = (
			);
			name = CodingTest;
			productName = CodingTest;
			productReference = 7118A9AE2924C0CF004D92DD /* CodingTest.app */;
			productType = "com.apple.product-type.application";
		};
		7118A9BD2924C0D0004D92DD /* CodingTestTests */ = {
			isa = PBXNativeTarget;
			buildConfigurationList = 7118A9D52924C0D0004D92DD /* Build configuration list for PBXNativeTarget "CodingTestTests" */;
			buildPhases = (
				7118A9BA2924C0D0004D92DD /* Sources */,
				7118A9BB2924C0D0004D92DD /* Frameworks */,
				7118A9BC2924C0D0004D92DD /* Resources */,
			);
			buildRules = (
			);
			dependencies = (
				7118A9C02924C0D0004D92DD /* PBXTargetDependency */,
			);
			name = CodingTestTests;
			productName = CodingTestTests;
			productReference = 7118A9BE2924C0D0004D92DD /* CodingTestTests.xctest */;
			productType = "com.apple.product-type.bundle.unit-test";
		};
		7118A9C72924C0D0004D92DD /* CodingTestUITests */ = {
			isa = PBXNativeTarget;
			buildConfigurationList = 7118A9D82924C0D0004D92DD /* Build configuration list for PBXNativeTarget "CodingTestUITests" */;
			buildPhases = (
				7118A9C42924C0D0004D92DD /* Sources */,
				7118A9C52924C0D0004D92DD /* Frameworks */,
				7118A9C62924C0D0004D92DD /* Resources */,
			);
			buildRules = (
			);
			dependencies = (
				7118A9CA2924C0D0004D92DD /* PBXTargetDependency */,
			);
			name = CodingTestUITests;
			productName = CodingTestUITests;
			productReference = 7118A9C82924C0D0004D92DD /* CodingTestUITests.xctest */;
			productType = "com.apple.product-type.bundle.ui-testing";
		};
/* End PBXNativeTarget section */

/* Begin PBXProject section */
		7118A9A62924C0CF004D92DD /* Project object */ = {
			isa = PBXProject;
			attributes = {
				BuildIndependentTargetsInParallel = 1;
				LastSwiftUpdateCheck = 1410;
				LastUpgradeCheck = 1410;
				TargetAttributes = {
					7118A9AD2924C0CF004D92DD = {
						CreatedOnToolsVersion = 14.1;
					};
					7118A9BD2924C0D0004D92DD = {
						CreatedOnToolsVersion = 14.1;
						TestTargetID = 7118A9AD2924C0CF004D92DD;
					};
					7118A9C72924C0D0004D92DD = {
						CreatedOnToolsVersion = 14.1;
						TestTargetID = 7118A9AD2924C0CF004D92DD;
					};
				};
			};
			buildConfigurationList = 7118A9A92924C0CF004D92DD /* Build configuration list for PBXProject "CodingTest" */;
			compatibilityVersion = "Xcode 14.0";
			developmentRegion = en;
			hasScannedForEncodings = 0;
			knownRegions = (
				en,
				Base,
			);
			mainGroup = 7118A9A52924C0CF004D92DD;
			productRefGroup = 7118A9AF2924C0CF004D92DD /* Products */;
			projectDirPath = "";
			projectRoot = "";
			targets = (
				7118A9AD2924C0CF004D92DD /* CodingTest */,
				7118A9BD2924C0D0004D92DD /* CodingTestTests */,
				7118A9C72924C0D0004D92DD /* CodingTestUITests */,
			);
		};
/* End PBXProject section */

/* Begin PBXResourcesBuildPhase section */
		7118A9AC2924C0CF004D92DD /* Resources */ = {
			isa = PBXResourcesBuildPhase;
			buildActionMask = 2147483647;
			files = (
				7118A9B92924C0D0004D92DD /* Preview Assets.xcassets in Resources */,
				7118A9B62924C0D0004D92DD /* Assets.xcassets in Resources */,
			);
			runOnlyForDeploymentPostprocessing = 0;
		};
		7118A9BC2924C0D0004D92DD /* Resources */ = {
			isa = PBXResourcesBuildPhase;
			buildActionMask = 2147483647;
			files = (
			);
			runOnlyForDeploymentPostprocessing = 0;
		};
		7118A9C62924C0D0004D92DD /* Resources */ = {
			isa = PBXResourcesBuildPhase;
			buildActionMask = 2147483647;
			files = (
			);
			runOnlyForDeploymentPostprocessing = 0;
		};
/* End PBXResourcesBuildPhase section */

/* Begin PBXSourcesBuildPhase section */
		7118A9AA2924C0CF004D92DD /* Sources */ = {
			isa = PBXSourcesBuildPhase;
			buildActionMask = 2147483647;
			files = (
				7118A9B42924C0CF004D92DD /* ContentView.swift in Sources */,
				7118A9B22924C0CF004D92DD /* CodingTestApp.swift in Sources */,
			);
			runOnlyForDeploymentPostprocessing = 0;
		};
		7118A9BA2924C0D0004D92DD /* Sources */ = {
			isa = PBXSourcesBuildPhase;
			buildActionMask = 2147483647;
			files = (
				7118A9C32924C0D0004D92DD /* CodingTestTests.swift in Sources */,
			);
			runOnlyForDeploymentPostprocessing = 0;
		};
		7118A9C42924C0D0004D92DD /* Sources */ = {
			isa = PBXSourcesBuildPhase;
			buildActionMask = 2147483647;
			files = (
				7118A9CF2924C0D0004D92DD /* CodingTestUITestsLaunchTests.swift in Sources */,
				7118A9CD2924C0D0004D92DD /* CodingTestUITests.swift in Sources */,
			);
			runOnlyForDeploymentPostprocessing = 0;
		};
/* End PBXSourcesBuildPhase section */

/* Begin PBXTargetDependency section */
		7118A9C02924C0D0004D92DD /* PBXTargetDependency */ = {
			isa = PBXTargetDependency;
			target = 7118A9AD2924C0CF004D92DD /* CodingTest */;
			targetProxy = 7118A9BF2924C0D0004D92DD /* PBXContainerItemProxy */;
		};
		7118A9CA2924C0D0004D92DD /* PBXTargetDependency */ = {
			isa = PBXTargetDependency;
			target = 7118A9AD2924C0CF004D92DD /* CodingTest */;
			targetProxy = 7118A9C92924C0D0004D92DD /* PBXContainerItemProxy */;
		};
/* End PBXTargetDependency section */

/* Begin XCBuildConfiguration section */
		7118A9D02924C0D0004D92DD /* Debug */ = {
			isa = XCBuildConfiguration;
			buildSettings = {
				ALWAYS_SEARCH_USER_PATHS = NO;
				CLANG_ANALYZER_NONNULL = YES;
				CLANG_ANALYZER_NUMBER_OBJECT_CONVERSION = YES_AGGRESSIVE;
				CLANG_CXX_LANGUAGE_STANDARD = "gnu++20";
				CLANG_ENABLE_MODULES = YES;
				CLANG_ENABLE_OBJC_ARC = YES;
				CLANG_ENABLE_OBJC_WEAK = YES;
				CLANG_WARN_BLOCK_CAPTURE_AUTORELEASING = YES;
				CLANG_WARN_BOOL_CONVERSION = YES;
				CLANG_WARN_COMMA = YES;
				CLANG_WARN_CONSTANT_CONVERSION = YES;
				CLANG_WARN_DEPRECATED_OBJC_IMPLEMENTATIONS = YES;
				CLANG_WARN_DIRECT_OBJC_ISA_USAGE = YES_ERROR;
				CLANG_WARN_DOCUMENTATION_COMMENTS = YES;
				CLANG_WARN_EMPTY_BODY = YES;
				CLANG_WARN_ENUM_CONVERSION = YES;
				CLANG_WARN_INFINITE_RECURSION = YES;
				CLANG_WARN_INT_CONVERSION = YES;
				CLANG_WARN_NON_LITERAL_NULL_CONVERSION = YES;
				CLANG_WARN_OBJC_IMPLICIT_RETAIN_SELF = YES;
				CLANG_WARN_OBJC_LITERAL_CONVERSION = YES;
				CLANG_WARN_OBJC_ROOT_CLASS = YES_ERROR;
				CLANG_WARN_QUOTED_INCLUDE_IN_FRAMEWORK_HEADER = YES;
				CLANG_WARN_RANGE_LOOP_ANALYSIS = YES;
				CLANG_WARN_STRICT_PROTOTYPES = YES;
				CLANG_WARN_SUSPICIOUS_MOVE = YES;
				CLANG_WARN_UNGUARDED_AVAILABILITY = YES_AGGRESSIVE;
				CLANG_WARN_UNREACHABLE_CODE = YES;
				CLANG_WARN__DUPLICATE_METHOD_MATCH = YES;
				COPY_PHASE_STRIP = NO;
				DEBUG_INFORMATION_FORMAT = dwarf;
				ENABLE_STRICT_OBJC_MSGSEND = YES;
				ENABLE_TESTABILITY = YES;
				GCC_C_LANGUAGE_STANDARD = gnu11;
				GCC_DYNAMIC_NO_PIC = NO;
				GCC_NO_COMMON_BLOCKS = YES;
				GCC_OPTIMIZATION_LEVEL = 0;
				GCC_PREPROCESSOR_DEFINITIONS = (
					"DEBUG=1",
					"$(inherited)",
				);
				GCC_WARN_64_TO_32_BIT_CONVERSION = YES;
				GCC_WARN_ABOUT_RETURN_TYPE = YES_ERROR;
				GCC_WARN_UNDECLARED_SELECTOR = YES;
				GCC_WARN_UNINITIALIZED_AUTOS = YES_AGGRESSIVE;
				GCC_WARN_UNUSED_FUNCTION = YES;
				GCC_WARN_UNUSED_VARIABLE = YES;
				IPHONEOS_DEPLOYMENT_TARGET = 15.0;
				MTL_ENABLE_DEBUG_INFO = INCLUDE_SOURCE;
				MTL_FAST_MATH = YES;
				ONLY_ACTIVE_ARCH = YES;
				SDKROOT = iphoneos;
				SWIFT_ACTIVE_COMPILATION_CONDITIONS = DEBUG;
				SWIFT_OPTIMIZATION_LEVEL = "-Onone";
			};
			name = Debug;
		};
		7118A9D12924C0D0004D92DD /* Release */ = {
			isa = XCBuildConfiguration;
			buildSettings = {
				ALWAYS_SEARCH_USER_PATHS = NO;
				CLANG_ANALYZER_NONNULL = YES;
				CLANG_ANALYZER_NUMBER_OBJECT_CONVERSION = YES_AGGRESSIVE;
				CLANG_CXX_LANGUAGE_STANDARD = "gnu++20";
				CLANG_ENABLE_MODULES = YES;
				CLANG_ENABLE_OBJC_ARC = YES;
				CLANG_ENABLE_OBJC_WEAK = YES;
				CLANG_WARN_BLOCK_CAPTURE_AUTORELEASING = YES;
				CLANG_WARN_BOOL_CONVERSION = YES;
				CLANG_WARN_COMMA = YES;
				CLANG_WARN_CONSTANT_CONVERSION = YES;
				CLANG_WARN_DEPRECATED_OBJC_IMPLEMENTATIONS = YES;
				CLANG_WARN_DIRECT_OBJC_ISA_USAGE = YES_ERROR;
				CLANG_WARN_DOCUMENTATION_COMMENTS = YES;
				CLANG_WARN_EMPTY_BODY = YES;
				CLANG_WARN_ENUM_CONVERSION = YES;
				CLANG_WARN_INFINITE_RECURSION = YES;
				CLANG_WARN_INT_CONVERSION = YES;
				CLANG_WARN_NON_LITERAL_NULL_CONVERSION = YES;
				CLANG_WARN_OBJC_IMPLICIT_RETAIN_SELF = YES;
				CLANG_WARN_OBJC_LITERAL_CONVERSION = YES;
				CLANG_WARN_OBJC_ROOT_CLASS = YES_ERROR;
				CLANG_WARN_QUOTED_INCLUDE_IN_FRAMEWORK_HEADER = YES;
				CLANG_WARN_RANGE_LOOP_ANALYSIS = YES;
				CLANG_WARN_STRICT_PROTOTYPES = YES;
				CLANG_WARN_SUSPICIOUS_MOVE = YES;
				CLANG_WARN_UNGUARDED_AVAILABILITY = YES_AGGRESSIVE;
				CLANG_WARN_UNREACHABLE_CODE = YES;
				CLANG_WARN__DUPLICATE_METHOD_MATCH = YES;
				COPY_PHASE_STRIP = NO;
				DEBUG_INFORMATION_FORMAT = "dwarf-with-dsym";
				ENABLE_NS_ASSERTIONS = NO;
				ENABLE_STRICT_OBJC_MSGSEND = YES;
				GCC_C_LANGUAGE_STANDARD = gnu11;
				GCC_NO_COMMON_BLOCKS = YES;
				GCC_WARN_64_TO_32_BIT_CONVERSION = YES;
				GCC_WARN_ABOUT_RETURN_TYPE = YES_ERROR;
				GCC_WARN_UNDECLARED_SELECTOR = YES;
				GCC_WARN_UNINITIALIZED_AUTOS = YES_AGGRESSIVE;
				GCC_WARN_UNUSED_FUNCTION = YES;
				GCC_WARN_UNUSED_VARIABLE = YES;
				IPHONEOS_DEPLOYMENT_TARGET = 15.0;
				MTL_ENABLE_DEBUG_INFO = NO;
				MTL_FAST_MATH = YES;
				SDKROOT = iphoneos;
				SWIFT_COMPILATION_MODE = wholemodule;
				SWIFT_OPTIMIZATION_LEVEL = "-O";
				VALIDATE_PRODUCT = YES;
			};
			name = Release;
		};
		7118A9D32924C0D0004D92DD /* Debug */ = {
			isa = XCBuildConfiguration;
			buildSettings = {
				ASSETCATALOG_COMPILER_APPICON_NAME = AppIcon;
				ASSETCATALOG_COMPILER_GLOBAL_ACCENT_COLOR_NAME = AccentColor;
				CODE_SIGN_STYLE = Automatic;
				CURRENT_PROJECT_VERSION = 1;
				DEVELOPMENT_ASSET_PATHS = "\"CodingTest/Preview Content\"";
				ENABLE_PREVIEWS = YES;
				GENERATE_INFOPLIST_FILE = YES;
				INFOPLIST_KEY_UIApplicationSceneManifest_Generation = YES;
				INFOPLIST_KEY_UIApplicationSupportsIndirectInputEvents = YES;
				INFOPLIST_KEY_UILaunchScreen_Generation = YES;
				INFOPLIST_KEY_UISupportedInterfaceOrientations_iPad = "UIInterfaceOrientationPortrait UIInterfaceOrientationPortraitUpsideDown UIInterfaceOrientationLandscapeLeft UIInterfaceOrientationLandscapeRight";
				INFOPLIST_KEY_UISupportedInterfaceOrientations_iPhone = "UIInterfaceOrientationPortrait UIInterfaceOrientationLandscapeLeft UIInterfaceOrientationLandscapeRight";
				LD_RUNPATH_SEARCH_PATHS = (
					"$(inherited)",
					"@executable_path/Frameworks",
				);
				MARKETING_VERSION = 1.0;
				PRODUCT_BUNDLE_IDENTIFIER = gg.op.CodingTest;
				PRODUCT_NAME = "$(TARGET_NAME)";
				SWIFT_EMIT_LOC_STRINGS = YES;
				SWIFT_VERSION = 5.0;
				TARGETED_DEVICE_FAMILY = "1,2";
			};
			name = Debug;
		};
		7118A9D42924C0D0004D92DD /* Release */ = {
			isa = XCBuildConfiguration;
			buildSettings = {
				ASSETCATALOG_COMPILER_APPICON_NAME = AppIcon;
				ASSETCATALOG_COMPILER_GLOBAL_ACCENT_COLOR_NAME = AccentColor;
				CODE_SIGN_STYLE = Automatic;
				CURRENT_PROJECT_VERSION = 1;
				DEVELOPMENT_ASSET_PATHS = "\"CodingTest/Preview Content\"";
				ENABLE_PREVIEWS = YES;
				GENERATE_INFOPLIST_FILE = YES;
				INFOPLIST_KEY_UIApplicationSceneManifest_Generation = YES;
				INFOPLIST_KEY_UIApplicationSupportsIndirectInputEvents = YES;
				INFOPLIST_KEY_UILaunchScreen_Generation = YES;
				INFOPLIST_KEY_UISupportedInterfaceOrientations_iPad = "UIInterfaceOrientationPortrait UIInterfaceOrientationPortraitUpsideDown UIInterfaceOrientationLandscapeLeft UIInterfaceOrientationLandscapeRight";
				INFOPLIST_KEY_UISupportedInterfaceOrientations_iPhone = "UIInterfaceOrientationPortrait UIInterfaceOrientationLandscapeLeft UIInterfaceOrientationLandscapeRight";
				LD_RUNPATH_SEARCH_PATHS = (
					"$(inherited)",
					"@executable_path/Frameworks",
				);
				MARKETING_VERSION = 1.0;
				PRODUCT_BUNDLE_IDENTIFIER = gg.op.CodingTest;
				PRODUCT_NAME = "$(TARGET_NAME)";
				SWIFT_EMIT_LOC_STRINGS = YES;
				SWIFT_VERSION = 5.0;
				TARGETED_DEVICE_FAMILY = "1,2";
			};
			name = Release;
		};
		7118A9D62924C0D0004D92DD /* Debug */ = {
			isa = XCBuildConfiguration;
			buildSettings = {
				ALWAYS_EMBED_SWIFT_STANDARD_LIBRARIES = YES;
				BUNDLE_LOADER = "$(TEST_HOST)";
				CODE_SIGN_STYLE = Automatic;
				CURRENT_PROJECT_VERSION = 1;
				GENERATE_INFOPLIST_FILE = YES;
				IPHONEOS_DEPLOYMENT_TARGET = 16.1;
				MARKETING_VERSION = 1.0;
				PRODUCT_BUNDLE_IDENTIFIER = gg.op.CodingTestTests;
				PRODUCT_NAME = "$(TARGET_NAME)";
				SWIFT_EMIT_LOC_STRINGS = NO;
				SWIFT_VERSION = 5.0;
				TARGETED_DEVICE_FAMILY = "1,2";
				TEST_HOST = "$(BUILT_PRODUCTS_DIR)/CodingTest.app/$(BUNDLE_EXECUTABLE_FOLDER_PATH)/CodingTest";
			};
			name = Debug;
		};
		7118A9D72924C0D0004D92DD /* Release */ = {
			isa = XCBuildConfiguration;
			buildSettings = {
				ALWAYS_EMBED_SWIFT_STANDARD_LIBRARIES = YES;
				BUNDLE_LOADER = "$(TEST_HOST)";
				CODE_SIGN_STYLE = Automatic;
				CURRENT_PROJECT_VERSION = 1;
				GENERATE_INFOPLIST_FILE = YES;
				IPHONEOS_DEPLOYMENT_TARGET = 16.1;
				MARKETING_VERSION = 1.0;
				PRODUCT_BUNDLE_IDENTIFIER = gg.op.CodingTestTests;
				PRODUCT_NAME = "$(TARGET_NAME)";
				SWIFT_EMIT_LOC_STRINGS = NO;
				SWIFT_VERSION = 5.0;
				TARGETED_DEVICE_FAMILY = "1,2";
				TEST_HOST = "$(BUILT_PRODUCTS_DIR)/CodingTest.app/$(BUNDLE_EXECUTABLE_FOLDER_PATH)/CodingTest";
			};
			name = Release;
		};
		7118A9D92924C0D0004D92DD /* Debug */ = {
			isa = XCBuildConfiguration;
			buildSettings = {
				ALWAYS_EMBED_SWIFT_STANDARD_LIBRARIES = YES;
				CODE_SIGN_STYLE = Automatic;
				CURRENT_PROJECT_VERSION = 1;
				GENERATE_INFOPLIST_FILE = YES;
				MARKETING_VERSION = 1.0;
				PRODUCT_BUNDLE_IDENTIFIER = gg.op.CodingTestUITests;
				PRODUCT_NAME = "$(TARGET_NAME)";
				SWIFT_EMIT_LOC_STRINGS = NO;
				SWIFT_VERSION = 5.0;
				TARGETED_DEVICE_FAMILY = "1,2";
				TEST_TARGET_NAME = CodingTest;
			};
			name = Debug;
		};
		7118A9DA2924C0D0004D92DD /* Release */ = {
			isa = XCBuildConfiguration;
			buildSettings = {
				ALWAYS_EMBED_SWIFT_STANDARD_LIBRARIES = YES;
				CODE_SIGN_STYLE = Automatic;
				CURRENT_PROJECT_VERSION = 1;
				GENERATE_INFOPLIST_FILE = YES;
				MARKETING_VERSION = 1.0;
				PRODUCT_BUNDLE_IDENTIFIER = gg.op.CodingTestUITests;
				PRODUCT_NAME = "$(TARGET_NAME)";
				SWIFT_EMIT_LOC_STRINGS = NO;
				SWIFT_VERSION = 5.0;
				TARGETED_DEVICE_FAMILY = "1,2";
				TEST_TARGET_NAME = CodingTest;
			};
			name = Release;
		};
/* End XCBuildConfiguration section */

/* Begin XCConfigurationList section */
		7118A9A92924C0CF004D92DD /* Build configuration list for PBXProject "CodingTest" */ = {
			isa = XCConfigurationList;
			buildConfigurations = (
				7118A9D02924C0D0004D92DD /* Debug */,
				7118A9D12924C0D0004D92DD /* Release */,
			);
			defaultConfigurationIsVisible = 0;
			defaultConfigurationName = Release;
		};
		7118A9D22924C0D0004D92DD /* Build configuration list for PBXNativeTarget "CodingTest" */ = {
			isa = XCConfigurationList;
			buildConfigurations = (
				7118A9D32924C0D0004D92DD /* Debug */,
				7118A9D42924C0D0004D92DD /* Release */,
			);
			defaultConfigurationIsVisible = 0;
			defaultConfigurationName = Release;
		};
		7118A9D52924C0D0004D92DD /* Build configuration list for PBXNativeTarget "CodingTestTests" */ = {
			isa = XCConfigurationList;
			buildConfigurations = (
				7118A9D62924C0D0004D92DD /* Debug */,
				7118A9D72924C0D0004D92DD /* Release */,
			);
			defaultConfigurationIsVisible = 0;
			defaultConfigurationName = Release;
		};
		7118A9D82924C0D0004D92DD /* Build configuration list for PBXNativeTarget "CodingTestUITests" */ = {
			isa = XCConfigurationList;
			buildConfigurations = (
				7118A9D92924C0D0004D92DD /* Debug */,
				7118A9DA2924C0D0004D92DD /* Release */,
			);
			defaultConfigurationIsVisible = 0;
			defaultConfigurationName = Release;
		};
/* End XCConfigurationList section */
	};
	rootObject = 7118A9A62924C0CF004D92DD /* Project object */;
}
